{
  "name": "my-vue3-plugin",
  "version": "0.1.0",
  "lockfileVersion": 1,
  "requires": true,
  "dependencies": {
    "@babel/helper-validator-identifier": {
      "version": "7.14.9",
      "resolved": "https://registry.nlark.com/@babel/helper-validator-identifier/download/@babel/helper-validator-identifier-7.14.9.tgz?cache=0&sync_timestamp=1627806041121&other_urls=https%3A%2F%2Fregistry.nlark.com%2F%40babel%2Fhelper-validator-identifier%2Fdownload%2F%40babel%2Fhelper-validator-identifier-7.14.9.tgz",
      "integrity": "sha1-ZlTRcbICT22O4VG/JQlpmRkTHUg="
    },
    "@babel/parser": {
      "version": "7.15.6",
      "resolved": "https://registry.nlark.com/@babel/parser/download/@babel/parser-7.15.6.tgz?cache=0&sync_timestamp=1631238328825&other_urls=https%3A%2F%2Fregistry.nlark.com%2F%40babel%2Fparser%2Fdownload%2F%40babel%2Fparser-7.15.6.tgz",
      "integrity": "sha1-BDuao8MDwHIuU3f++Rl/TPF5ZUk="
    },
    "@babel/types": {
      "version": "7.15.6",
      "resolved": "https://registry.nlark.com/@babel/types/download/@babel/types-7.15.6.tgz?cache=0&sync_timestamp=1631238328123&other_urls=https%3A%2F%2Fregistry.nlark.com%2F%40babel%2Ftypes%2Fdownload%2F%40babel%2Ftypes-7.15.6.tgz",
      "integrity": "sha1-mavcSCGLKIHAWN0KerBbmcm+dY8=",
      "requires": {
        "@babel/helper-validator-identifier": "^7.14.9",
        "to-fast-properties": "^2.0.0"
      }
    },
    "@element-plus/icons": {
      "version": "0.0.11",
      "resolved": "https://registry.npmjs.org/@element-plus/icons/-/icons-0.0.11.tgz",
      "integrity": "sha512-iKQXSxXu131Ai+I9Ymtcof9WId7kaXvB1+WRfAfpQCW7UiAMYgdNDqb/u0hgTo2Yq3MwC4MWJnNuTBEpG8r7+A=="
    },
    "@popperjs/core": {
      "version": "2.10.2",
      "resolved": "https://registry.npmjs.org/@popperjs/core/-/core-2.10.2.tgz",
      "integrity": "sha512-IXf3XA7+XyN7CP9gGh/XB0UxVMlvARGEgGXLubFICsUMGz6Q+DU+i4gGlpOxTjKvXjkJDJC8YdqdKkDj9qZHEQ=="
    },
    "@vue/compiler-core": {
      "version": "3.2.11",
      "resolved": "https://registry.nlark.com/@vue/compiler-core/download/@vue/compiler-core-3.2.11.tgz",
      "integrity": "sha1-EK83d9ujA+56rmaAKfExy5A5G+4=",
      "requires": {
        "@babel/parser": "^7.15.0",
        "@babel/types": "^7.15.0",
        "@vue/shared": "3.2.11",
        "estree-walker": "^2.0.2",
        "source-map": "^0.6.1"
      },
      "dependencies": {
        "@vue/shared": {
          "version": "3.2.11",
          "resolved": "https://registry.nlark.com/@vue/shared/download/@vue/shared-3.2.11.tgz",
          "integrity": "sha1-AYmfVJScrxrCQd45e9FwaWMldN4="
        },
        "source-map": {
          "version": "0.6.1",
          "resolved": "https://registry.npm.taobao.org/source-map/download/source-map-0.6.1.tgz",
          "integrity": "sha1-dHIq8y6WFOnCh6jQu95IteLxomM="
        }
      }
    },
    "@vueuse/core": {
      "version": "6.1.0",
      "resolved": "https://registry.npmjs.org/@vueuse/core/-/core-6.1.0.tgz",
      "integrity": "sha512-6KienU5QOWKuDqvHytep14274IGKyLlACzXjifOrgDQMkqvWZIUnDhpckT/1+O8n8DN59d5wzzICZI/2sfGCyg==",
      "requires": {
        "@vueuse/shared": "6.1.0",
        "vue-demi": "*"
      }
    },
    "@vueuse/shared": {
      "version": "6.1.0",
      "resolved": "https://registry.npmjs.org/@vueuse/shared/-/shared-6.1.0.tgz",
      "integrity": "sha512-teW0TUQryGnEprHeOI6oH8NPVJBirknxksEiNCtdEjIi8W7JSTg8JPO+e1XlGI6ly24NDlDXUDYaHJayiaXjuw==",
      "requires": {
        "vue-demi": "*"
      }
    },
    "async-validator": {
      "version": "4.0.7",
      "resolved": "https://registry.npmjs.org/async-validator/-/async-validator-4.0.7.tgz",
      "integrity": "sha512-Pj2IR7u8hmUEDOwB++su6baaRi+QvsgajuFB9j95foM1N2gy5HM4z60hfusIO0fBPG5uLAEl6yCJr1jNSVugEQ=="
    },
    "dayjs": {
      "version": "1.10.7",
      "resolved": "https://registry.npmjs.org/dayjs/-/dayjs-1.10.7.tgz",
      "integrity": "sha512-P6twpd70BcPK34K26uJ1KT3wlhpuOAPoMwJzpsIWUxHZ7wpmbdZL/hQqBDfz7hGurYSa5PhzdhDHtt319hL3ig=="
    },
    "element-plus": {
      "version": "1.1.0-beta.24",
      "resolved": "https://registry.npmjs.org/element-plus/-/element-plus-1.1.0-beta.24.tgz",
      "integrity": "sha512-dmo61e/D6mwJVacMhxOMSPb5sZPt/FPsuQQfsOs1kJWkhGDmTlny/sZvgIQr1z0zh3pjlJadGAlNS+0nySPMmw==",
      "requires": {
        "@element-plus/icons": "^0.0.11",
        "@popperjs/core": "^2.10.2",
        "@vueuse/core": "~6.1.0",
        "async-validator": "^4.0.3",
        "dayjs": "^1.10.7",
        "lodash": "^4.17.21",
        "memoize-one": "^5.2.1",
        "normalize-wheel-es": "^1.1.0",
        "resize-observer-polyfill": "^1.5.1"
      }
    },
    "estree-walker": {
      "version": "2.0.2",
      "resolved": "https://registry.nlark.com/estree-walker/download/estree-walker-2.0.2.tgz",
      "integrity": "sha1-UvAQF4wqTBF6d1fP6UKtt9LaTKw="
    },
    "lodash": {
      "version": "4.17.21",
      "resolved": "https://registry.npmjs.org/lodash/-/lodash-4.17.21.tgz",
      "integrity": "sha512-v2kDEe57lecTulaDIuNTPy3Ry4gLGJ6Z1O3vE1krgXZNrsQ+LFTGHVxVjcXPs17LhbZVGedAJv8XZ1tvj5FvSg=="
    },
    "memoize-one": {
      "version": "5.2.1",
      "resolved": "https://registry.npmjs.org/memoize-one/-/memoize-one-5.2.1.tgz",
      "integrity": "sha512-zYiwtZUcYyXKo/np96AGZAckk+FWWsUdJ3cHGGmld7+AhvcWmQyGCYUh1hc4Q/pkOhb65dQR/pqCyK0cOaHz4Q=="
    },
    "normalize-wheel-es": {
      "version": "1.1.0",
      "resolved": "https://registry.npmjs.org/normalize-wheel-es/-/normalize-wheel-es-1.1.0.tgz",
      "integrity": "sha512-gkcE5xzp8WkSGgu2HItXePGyh3qDOetgPYg0RnjclOIaWTCMB75NTrk0t6KVlbm6ShSikV3ykBFZMiR9GDkvkA=="
    },
    "resize-observer-polyfill": {
      "version": "1.5.1",
      "resolved": "https://registry.npmjs.org/resize-observer-polyfill/-/resize-observer-polyfill-1.5.1.tgz",
      "integrity": "sha512-LwZrotdHOo12nQuZlHEmtuXdqGoOD0OhaxopaNFxWzInpEgaLWoVuAMbTzixuosCx2nEG58ngzW3vxdWoxIgdg=="
    },
    "to-fast-properties": {
      "version": "2.0.0",
      "resolved": "https://registry.nlark.com/to-fast-properties/download/to-fast-properties-2.0.0.tgz?cache=0&sync_timestamp=1628418909298&other_urls=https%3A%2F%2Fregistry.nlark.com%2Fto-fast-properties%2Fdownload%2Fto-fast-properties-2.0.0.tgz",
      "integrity": "sha1-3F5pjL0HkmW8c+A3doGk5Og/YW4="
    },
    "vue": {
      "version": "3.2.11",
      "resolved": "https://registry.nlark.com/vue/download/vue-3.2.11.tgz?cache=0&sync_timestamp=1631142046923&other_urls=https%3A%2F%2Fregistry.nlark.com%2Fvue%2Fdownload%2Fvue-3.2.11.tgz",
      "integrity": "sha1-a5IpUEjfcF3axVj9Pj7VU+VeV8g=",
      "requires": {
        "@vue/compiler-dom": "3.2.11",
        "@vue/runtime-dom": "3.2.11",
        "@vue/shared": "3.2.11"
      },
      "dependencies": {
        "@vue/compiler-dom": {
          "version": "3.2.11",
          "resolved": "https://registry.nlark.com/@vue/compiler-dom/download/@vue/compiler-dom-3.2.11.tgz",
          "integrity": "sha1-0Gb44fGBK06IFZOBmt4P5tZUx3Y=",
          "requires": {
            "@vue/compiler-core": "3.2.11",
            "@vue/shared": "3.2.11"
          }
        },
        "@vue/reactivity": {
          "version": "3.2.11",
          "resolved": "https://registry.nlark.com/@vue/reactivity/download/@vue/reactivity-3.2.11.tgz",
          "integrity": "sha1-7ATTOsryuSzKKWBTW+yBsmzFdys=",
          "requires": {
            "@vue/shared": "3.2.11"
          }
        },
        "@vue/runtime-core": {
          "version": "3.2.11",
          "resolved": "https://registry.nlark.com/@vue/runtime-core/download/@vue/runtime-core-3.2.11.tgz",
          "integrity": "sha1-Db6AG+S9C/3iUyJnl+fTBMj92jA=",
          "requires": {
            "@vue/reactivity": "3.2.11",
            "@vue/shared": "3.2.11"
          }
        },
        "@vue/runtime-dom": {
          "version": "3.2.11",
          "resolved": "https://registry.nlark.com/@vue/runtime-dom/download/@vue/runtime-dom-3.2.11.tgz",
          "integrity": "sha1-BPkFSp5kvfFWwvwiytZ8+qi4RhY=",
          "requires": {
            "@vue/runtime-core": "3.2.11",
            "@vue/shared": "3.2.11",
            "csstype": "^2.6.8"
          }
        },
        "@vue/shared": {
          "version": "3.2.11",
          "resolved": "https://registry.nlark.com/@vue/shared/download/@vue/shared-3.2.11.tgz",
          "integrity": "sha1-AYmfVJScrxrCQd45e9FwaWMldN4="
        },
        "csstype": {
          "version": "2.6.17",
          "resolved": "https://registry.nlark.com/csstype/download/csstype-2.6.17.tgz?cache=0&sync_timestamp=1618818518688&other_urls=https%3A%2F%2Fregistry.nlark.com%2Fcsstype%2Fdownload%2Fcsstype-2.6.17.tgz",
          "integrity": "sha1-TPMOuH4dGgBdi2UQ+VKSQT9qHA4="
        }
      }
    },
    "vue-demi": {
      "version": "0.11.4",
      "resolved": "https://registry.npmjs.org/vue-demi/-/vue-demi-0.11.4.tgz",
      "integrity": "sha512-/3xFwzSykLW2HiiLie43a+FFgNOcokbBJ+fzvFXd0r2T8MYohqvphUyDQ8lbAwzQ3Dlcrb1c9ykifGkhSIAk6A=="
    }
  }
}
